
Microsoft Visual Studio Solution File, Format Version 12.00
# Visual Studio Version 16
VisualStudioVersion = 16.0.29926.136
MinimumVisualStudioVersion = 10.0.40219.1
Project("{FAE04EC0-301F-11D3-BF4B-00C04F79EFBC}") = "xam12.Android", "xam12\xam12.Android\xam12.Android.csproj", "{95E5605B-AB78-4101-A3F5-8428F3540F0F}"
EndProject
Project("{FAE04EC0-301F-11D3-BF4B-00C04F79EFBC}") = "xam12.iOS", "xam12\xam12.iOS\xam12.iOS.csproj", "{BA5855B5-7795-420F-80DF-8833068901A8}"
EndProject
Project("{FAE04EC0-301F-11D3-BF4B-00C04F79EFBC}") = "xam12", "xam12\xam12\xam12.csproj", "{4D5FC55E-A87A-4712-98E4-202E04AC54B3}"
EndProject
Global
	GlobalSection(SolutionConfigurationPlatforms) = preSolution
		Debug|Any CPU = Debug|Any CPU
		Debug|iPhone = Debug|iPhone
		Debug|iPhoneSimulator = Debug|iPhoneSimulator
		Release|Any CPU = Release|Any CPU
		Release|iPhone = Release|iPhone
		Release|iPhoneSimulator = Release|iPhoneSimulator
	EndGlobalSection
	GlobalSection(ProjectConfigurationPlatforms) = postSolution
		{95E5605B-AB78-4101-A3F5-8428F3540F0F}.Debug|Any CPU.ActiveCfg = Debug|Any CPU
		{95E5605B-AB78-4101-A3F5-8428F3540F0F}.Debug|Any CPU.Build.0 = Debug|Any CPU
		{95E5605B-AB78-4101-A3F5-8428F3540F0F}.Debug|Any CPU.Deploy.0 = Debug|Any CPU
		{95E5605B-AB78-4101-A3F5-8428F3540F0F}.Debug|iPhone.ActiveCfg = Debug|Any CPU
		{95E5605B-AB78-4101-A3F5-8428F3540F0F}.Debug|iPhone.Build.0 = Debug|Any CPU
		{95E5605B-AB78-4101-A3F5-8428F3540F0F}.Debug|iPhone.Deploy.0 = Debug|Any CPU
		{95E5605B-AB78-4101-A3F5-8428F3540F0F}.Debug|iPhoneSimulator.ActiveCfg = Debug|Any CPU
		{95E5605B-AB78-4101-A3F5-8428F3540F0F}.Debug|iPhoneSimulator.Build.0 = Debug|Any CPU
		{95E5605B-AB78-4101-A3F5-8428F3540F0F}.Debug|iPhoneSimulator.Deploy.0 = Debug|Any CPU
		{95E5605B-AB78-4101-A3F5-8428F3540F0F}.Release|Any CPU.ActiveCfg = Release|Any CPU
		{95E5605B-AB78-4101-A3F5-8428F3540F0F}.Release|Any CPU.Build.0 = Release|Any CPU
		{95E5605B-AB78-4101-A3F5-8428F3540F0F}.Release|Any CPU.Deploy.0 = Release|Any CPU
		{95E5605B-AB78-4101-A3F5-8428F3540F0F}.Release|iPhone.ActiveCfg = Release|Any CPU
		{95E5605B-AB78-4101-A3F5-8428F3540F0F}.Release|iPhone.Build.0 = Release|Any CPU
		{95E5605B-AB78-4101-A3F5-8428F3540F0F}.Release|iPhone.Deploy.0 = Release|Any CPU
		{95E5605B-AB78-4101-A3F5-8428F3540F0F}.Release|iPhoneSimulator.ActiveCfg = Release|Any CPU
		{95E5605B-AB78-4101-A3F5-8428F3540F0F}.Release|iPhoneSimulator.Build.0 = Release|Any CPU
		{95E5605B-AB78-4101-A3F5-8428F3540F0F}.Release|iPhoneSimulator.Deploy.0 = Release|Any CPU
		{BA5855B5-7795-420F-80DF-8833068901A8}.Debug|Any CPU.ActiveCfg = Debug|iPhone
		{BA5855B5-7795-420F-80DF-8833068901A8}.Debug|Any CPU.Build.0 = Debug|iPhone
		{BA5855B5-7795-420F-80DF-8833068901A8}.Debug|Any CPU.Deploy.0 = Debug|iPhone
		{BA5855B5-7795-420F-80DF-8833068901A8}.Debug|iPhone.ActiveCfg = Debug|iPhone
		{BA5855B5-7795-420F-80DF-8833068901A8}.Debug|iPhone.Build.0 = Debug|iPhone
		{BA5855B5-7795-420F-80DF-8833068901A8}.Debug|iPhone.Deploy.0 = Debug|iPhone
		{BA5855B5-7795-420F-80DF-8833068901A8}.Debug|iPhoneSimulator.ActiveCfg = Debug|iPhoneSimulator
		{BA5855B5-7795-420F-80DF-8833068901A8}.Debug|iPhoneSimulator.Build.0 = Debug|iPhoneSimulator
		{BA5855B5-7795-420F-80DF-8833068901A8}.Debug|iPhoneSimulator.Deploy.0 = Debug|iPhoneSimulator
		{BA5855B5-7795-420F-80DF-8833068901A8}.Release|Any CPU.ActiveCfg = Release|iPhone
		{BA5855B5-7795-420F-80DF-8833068901A8}.Release|Any CPU.Build.0 = Release|iPhone
		{BA5855B5-7795-420F-80DF-8833068901A8}.Release|Any CPU.Deploy.0 = Release|iPhone
		{BA5855B5-7795-420F-80DF-8833068901A8}.Release|iPhone.ActiveCfg = Release|iPhone
		{BA5855B5-7795-420F-80DF-8833068901A8}.Release|iPhone.Build.0 = Release|iPhone
		{BA5855B5-7795-420F-80DF-8833068901A8}.Release|iPhone.Deploy.0 = Release|iPhone
		{BA5855B5-7795-420F-80DF-8833068901A8}.Release|iPhoneSimulator.ActiveCfg = Release|iPhoneSimulator
		{BA5855B5-7795-420F-80DF-8833068901A8}.Release|iPhoneSimulator.Build.0 = Release|iPhoneSimulator
		{BA5855B5-7795-420F-80DF-8833068901A8}.Release|iPhoneSimulator.Deploy.0 = Release|iPhoneSimulator
		{4D5FC55E-A87A-4712-98E4-202E04AC54B3}.Debug|Any CPU.ActiveCfg = Debug|Any CPU
		{4D5FC55E-A87A-4712-98E4-202E04AC54B3}.Debug|Any CPU.Build.0 = Debug|Any CPU
		{4D5FC55E-A87A-4712-98E4-202E04AC54B3}.Debug|Any CPU.Deploy.0 = Debug|Any CPU
		{4D5FC55E-A87A-4712-98E4-202E04AC54B3}.Debug|iPhone.ActiveCfg = Debug|Any CPU
		{4D5FC55E-A87A-4712-98E4-202E04AC54B3}.Debug|iPhone.Build.0 = Debug|Any CPU
		{4D5FC55E-A87A-4712-98E4-202E04AC54B3}.Debug|iPhone.Deploy.0 = Debug|Any CPU
		{4D5FC55E-A87A-4712-98E4-202E04AC54B3}.Debug|iPhoneSimulator.ActiveCfg = Debug|Any CPU
		{4D5FC55E-A87A-4712-98E4-202E04AC54B3}.Debug|iPhoneSimulator.Build.0 = Debug|Any CPU
		{4D5FC55E-A87A-4712-98E4-202E04AC54B3}.Debug|iPhoneSimulator.Deploy.0 = Debug|Any CPU
		{4D5FC55E-A87A-4712-98E4-202E04AC54B3}.Release|Any CPU.ActiveCfg = Release|Any CPU
		{4D5FC55E-A87A-4712-98E4-202E04AC54B3}.Release|Any CPU.Build.0 = Release|Any CPU
		{4D5FC55E-A87A-4712-98E4-202E04AC54B3}.Release|Any CPU.Deploy.0 = Release|Any CPU
		{4D5FC55E-A87A-4712-98E4-202E04AC54B3}.Release|iPhone.ActiveCfg = Release|Any CPU
		{4D5FC55E-A87A-4712-98E4-202E04AC54B3}.Release|iPhone.Build.0 = Release|Any CPU
		{4D5FC55E-A87A-4712-98E4-202E04AC54B3}.Release|iPhone.Deploy.0 = Release|Any CPU
		{4D5FC55E-A87A-4712-98E4-202E04AC54B3}.Release|iPhoneSimulator.ActiveCfg = Release|Any CPU
		{4D5FC55E-A87A-4712-98E4-202E04AC54B3}.Release|iPhoneSimulator.Build.0 = Release|Any CPU
		{4D5FC55E-A87A-4712-98E4-202E04AC54B3}.Release|iPhoneSimulator.Deploy.0 = Release|Any CPU
	EndGlobalSection
	GlobalSection(SolutionProperties) = preSolution
		HideSolutionNode = FALSE
	EndGlobalSection
	GlobalSection(ExtensibilityGlobals) = postSolution
		SolutionGuid = {03DFB97D-8DFD-4131-B825-1BFF6E781C3B}
	EndGlobalSection
EndGlobal
